
Microsoft Visual Studio Solution File, Format Version 12.00
# Visual Studio 15
VisualStudioVersion = 15.0.26228.4
MinimumVisualStudioVersion = 10.0.40219.1
Project("{FAE04EC0-301F-11D3-BF4B-00C04F79EFBC}") = "Prometheus.Client.AspNetCore", "src\Prometheus.Client.AspNetCore.csproj", "{9CEA986B-142E-4A8A-87B4-A6C2A5B7106B}"
EndProject
Global
	GlobalSection(SolutionConfigurationPlatforms) = preSolution
		Debug|Any CPU = Debug|Any CPU
		Release|Any CPU = Release|Any CPU
	EndGlobalSection
	GlobalSection(ProjectConfigurationPlatforms) = postSolution
		{9CEA986B-142E-4A8A-87B4-A6C2A5B7106B}.Debug|Any CPU.ActiveCfg = Debug|Any CPU
		{9CEA986B-142E-4A8A-87B4-A6C2A5B7106B}.Debug|Any CPU.Build.0 = Debug|Any CPU
		{9CEA986B-142E-4A8A-87B4-A6C2A5B7106B}.Release|Any CPU.ActiveCfg = Release|Any CPU
		{9CEA986B-142E-4A8A-87B4-A6C2A5B7106B}.Release|Any CPU.Build.0 = Release|Any CPU
	EndGlobalSection
	GlobalSection(SolutionProperties) = preSolution
		HideSolutionNode = FALSE
	EndGlobalSection
	GlobalSection(NestedProjects) = preSolution
	EndGlobalSection
EndGlobal
